
Microsoft Visual Studio Solution File, Format Version 12.00
# Visual Studio Version 16
VisualStudioVersion = 16.0.28803.202
MinimumVisualStudioVersion = 10.0.40219.1
Project("{FAE04EC0-301F-11D3-BF4B-00C04F79EFBC}") = "FuzzyLogic", "FuzzyLogic\FuzzyLogic.csproj", "{9E13BFB2-3ABF-4520-8670-38BFEE4CB0BC}"
EndProject
Global
	GlobalSection(SolutionConfigurationPlatforms) = preSolution
		Debug|Any CPU = Debug|Any CPU
		Release|Any CPU = Release|Any CPU
	EndGlobalSection
	GlobalSection(ProjectConfigurationPlatforms) = postSolution
		{9E13BFB2-3ABF-4520-8670-38BFEE4CB0BC}.Debug|Any CPU.ActiveCfg = Debug|Any CPU
		{9E13BFB2-3ABF-4520-8670-38BFEE4CB0BC}.Debug|Any CPU.Build.0 = Debug|Any CPU
		{9E13BFB2-3ABF-4520-8670-38BFEE4CB0BC}.Release|Any CPU.ActiveCfg = Release|Any CPU
		{9E13BFB2-3ABF-4520-8670-38BFEE4CB0BC}.Release|Any CPU.Build.0 = Release|Any CPU
	EndGlobalSection
	GlobalSection(SolutionProperties) = preSolution
		HideSolutionNode = FALSE
	EndGlobalSection
	GlobalSection(ExtensibilityGlobals) = postSolution
		SolutionGuid = {0F9184AF-C4B0-4D97-81E8-52A51CFEB0B2}
	EndGlobalSection
EndGlobal
